# THIS IS AN AUTOGENERATED FILE. DO NOT EDIT THIS FILE DIRECTLY.
# yarn lockfile v1


use-image@^1.0.7:
  version "1.0.7"
  resolved "https://registry.yarnpkg.com/use-image/-/use-image-1.0.7.tgz#b2c42b78d32868762a37631673eb169a244d5ad1"
  integrity sha512-Z8hB8+lAGe25iqO3YaHO7bSvBSGErEakYQ6RGyRrPZoMDLKBIuZ67ikzn8f5ydjWorqFzeX+U3vVwnXoE1Q56Q==
